// !$*UTF8*$!
{
	archiveVersion = 1;
	classes = {
	};
	objectVersion = 56;
	objects = {

/* Begin PBXBuildFile section */
		2A1511B4290BFFD6004658C8 /* AppDelegate.swift in Sources */ = {isa = PBXBuildFile; fileRef = 2A1511B3290BFFD6004658C8 /* AppDelegate.swift */; };
		2A1511BD290BFFD8004658C8 /* Assets.xcassets in Resources */ = {isa = PBXBuildFile; fileRef = 2A1511BC290BFFD8004658C8 /* Assets.xcassets */; };
		2A1511C0290BFFD8004658C8 /* LaunchScreen.storyboard in Resources */ = {isa = PBXBuildFile; fileRef = 2A1511BE290BFFD8004658C8 /* LaunchScreen.storyboard */; };
		2ACAFC4E290C025800F45B13 /* Hotel.swift in Sources */ = {isa = PBXBuildFile; fileRef = 2ACAFC4D290C025800F45B13 /* Hotel.swift */; };
		2ACAFC52290C04E500F45B13 /* HotelsListVC.swift in Sources */ = {isa = PBXBuildFile; fileRef = 2ACAFC51290C04E500F45B13 /* HotelsListVC.swift */; };
		2ACAFC54290C053900F45B13 /* HotelsListViewModel.swift in Sources */ = {isa = PBXBuildFile; fileRef = 2ACAFC53290C053900F45B13 /* HotelsListViewModel.swift */; };
		2ACAFC57290C054B00F45B13 /* ViewModel.swift in Sources */ = {isa = PBXBuildFile; fileRef = 2ACAFC56290C054B00F45B13 /* ViewModel.swift */; };
		2ACAFC59290C05AD00F45B13 /* HotelViewModel.swift in Sources */ = {isa = PBXBuildFile; fileRef = 2ACAFC58290C05AD00F45B13 /* HotelViewModel.swift */; };
		2ACAFC5C290C062100F45B13 /* NetworkManager.swift in Sources */ = {isa = PBXBuildFile; fileRef = 2ACAFC5B290C062100F45B13 /* NetworkManager.swift */; };
		2ACAFC5F290C069500F45B13 /* NetworkLink.swift in Sources */ = {isa = PBXBuildFile; fileRef = 2ACAFC5E290C069500F45B13 /* NetworkLink.swift */; };
		2ACAFC61290C06A700F45B13 /* NetworkError.swift in Sources */ = {isa = PBXBuildFile; fileRef = 2ACAFC60290C06A700F45B13 /* NetworkError.swift */; };
		2ACAFC63290C084B00F45B13 /* AppCoordinator.swift in Sources */ = {isa = PBXBuildFile; fileRef = 2ACAFC62290C084B00F45B13 /* AppCoordinator.swift */; };
		2ACAFC65290C085400F45B13 /* Coordinator.swift in Sources */ = {isa = PBXBuildFile; fileRef = 2ACAFC64290C085400F45B13 /* Coordinator.swift */; };
		2ACAFC68290C0A2B00F45B13 /* HAHotelCVCell.swift in Sources */ = {isa = PBXBuildFile; fileRef = 2ACAFC67290C0A2B00F45B13 /* HAHotelCVCell.swift */; };
		2ACAFC6B290C119000F45B13 /* UILabel + Ex.swift in Sources */ = {isa = PBXBuildFile; fileRef = 2ACAFC6A290C119000F45B13 /* UILabel + Ex.swift */; };
		2ACAFC6D290C11C300F45B13 /* UIViewController + Ex.swift in Sources */ = {isa = PBXBuildFile; fileRef = 2ACAFC6C290C11C300F45B13 /* UIViewController + Ex.swift */; };
		2ACAFC6F290C1CF300F45B13 /* HotelVC.swift in Sources */ = {isa = PBXBuildFile; fileRef = 2ACAFC6E290C1CF300F45B13 /* HotelVC.swift */; };
		2ACAFC71290C1F0A00F45B13 /* UIImage + Ex.swift in Sources */ = {isa = PBXBuildFile; fileRef = 2ACAFC70290C1F0A00F45B13 /* UIImage + Ex.swift */; };
		2ACAFC74290C22A500F45B13 /* HAStarsView.swift in Sources */ = {isa = PBXBuildFile; fileRef = 2ACAFC73290C22A500F45B13 /* HAStarsView.swift */; };
		2ACAFC76290C269A00F45B13 /* CALayer + Ex.swift in Sources */ = {isa = PBXBuildFile; fileRef = 2ACAFC75290C269A00F45B13 /* CALayer + Ex.swift */; };
		2ACAFC7C290C314300F45B13 /* HADetailsView.swift in Sources */ = {isa = PBXBuildFile; fileRef = 2ACAFC7B290C314300F45B13 /* HADetailsView.swift */; };
		2ACAFC82290C591C00F45B13 /* HAButton.swift in Sources */ = {isa = PBXBuildFile; fileRef = 2ACAFC81290C591C00F45B13 /* HAButton.swift */; };
		2ACAFC86290C59CF00F45B13 /* Project.swift in Sources */ = {isa = PBXBuildFile; fileRef = 2ACAFC85290C59CF00F45B13 /* Project.swift */; };
		2ACAFC88290C98A900F45B13 /* UIButton + Ex.swift in Sources */ = {isa = PBXBuildFile; fileRef = 2ACAFC87290C98A900F45B13 /* UIButton + Ex.swift */; };
		2ACAFC8A291001CF00F45B13 /* SortType.swift in Sources */ = {isa = PBXBuildFile; fileRef = 2ACAFC89291001CF00F45B13 /* SortType.swift */; };
		2ACAFC8C29118CB400F45B13 /* MKMapView + Ex.swift in Sources */ = {isa = PBXBuildFile; fileRef = 2ACAFC8B29118CB400F45B13 /* MKMapView + Ex.swift */; };
		A9C8B509EAB43BC3A3438363 /* Pods_Hotel_App.framework in Frameworks */ = {isa = PBXBuildFile; fileRef = 1E2C6B53D624FCC3C038BC55 /* Pods_Hotel_App.framework */; };
/* End PBXBuildFile section */

/* Begin PBXFileReference section */
		1E2C6B53D624FCC3C038BC55 /* Pods_Hotel_App.framework */ = {isa = PBXFileReference; explicitFileType = wrapper.framework; includeInIndex = 0; path = Pods_Hotel_App.framework; sourceTree = BUILT_PRODUCTS_DIR; };
		2A1511B0290BFFD6004658C8 /* Hotel App.app */ = {isa = PBXFileReference; explicitFileType = wrapper.application; includeInIndex = 0; path = "Hotel App.app"; sourceTree = BUILT_PRODUCTS_DIR; };
		2A1511B3290BFFD6004658C8 /* AppDelegate.swift */ = {isa = PBXFileReference; lastKnownFileType = sourcecode.swift; path = AppDelegate.swift; sourceTree = "<group>"; };
		2A1511BC290BFFD8004658C8 /* Assets.xcassets */ = {isa = PBXFileReference; lastKnownFileType = folder.assetcatalog; path = Assets.xcassets; sourceTree = "<group>"; };
		2A1511BF290BFFD8004658C8 /* Base */ = {isa = PBXFileReference; lastKnownFileType = file.storyboard; name = Base; path = Base.lproj/LaunchScreen.storyboard; sourceTree = "<group>"; };
		2A1511C1290BFFD8004658C8 /* Info.plist */ = {isa = PBXFileReference; lastKnownFileType = text.plist.xml; path = Info.plist; sourceTree = "<group>"; };
		2ACAFC4D290C025800F45B13 /* Hotel.swift */ = {isa = PBXFileReference; lastKnownFileType = sourcecode.swift; path = Hotel.swift; sourceTree = "<group>"; };
		2ACAFC51290C04E500F45B13 /* HotelsListVC.swift */ = {isa = PBXFileReference; lastKnownFileType = sourcecode.swift; path = HotelsListVC.swift; sourceTree = "<group>"; };
		2ACAFC53290C053900F45B13 /* HotelsListViewModel.swift */ = {isa = PBXFileReference; lastKnownFileType = sourcecode.swift; path = HotelsListViewModel.swift; sourceTree = "<group>"; };
		2ACAFC56290C054B00F45B13 /* ViewModel.swift */ = {isa = PBXFileReference; lastKnownFileType = sourcecode.swift; path = ViewModel.swift; sourceTree = "<group>"; };
		2ACAFC58290C05AD00F45B13 /* HotelViewModel.swift */ = {isa = PBXFileReference; lastKnownFileType = sourcecode.swift; path = HotelViewModel.swift; sourceTree = "<group>"; };
		2ACAFC5B290C062100F45B13 /* NetworkManager.swift */ = {isa = PBXFileReference; lastKnownFileType = sourcecode.swift; path = NetworkManager.swift; sourceTree = "<group>"; };
		2ACAFC5E290C069500F45B13 /* NetworkLink.swift */ = {isa = PBXFileReference; lastKnownFileType = sourcecode.swift; path = NetworkLink.swift; sourceTree = "<group>"; };
		2ACAFC60290C06A700F45B13 /* NetworkError.swift */ = {isa = PBXFileReference; lastKnownFileType = sourcecode.swift; path = NetworkError.swift; sourceTree = "<group>"; };
		2ACAFC62290C084B00F45B13 /* AppCoordinator.swift */ = {isa = PBXFileReference; lastKnownFileType = sourcecode.swift; path = AppCoordinator.swift; sourceTree = "<group>"; };
		2ACAFC64290C085400F45B13 /* Coordinator.swift */ = {isa = PBXFileReference; lastKnownFileType = sourcecode.swift; path = Coordinator.swift; sourceTree = "<group>"; };
		2ACAFC67290C0A2B00F45B13 /* HAHotelCVCell.swift */ = {isa = PBXFileReference; lastKnownFileType = sourcecode.swift; path = HAHotelCVCell.swift; sourceTree = "<group>"; };
		2ACAFC6A290C119000F45B13 /* UILabel + Ex.swift */ = {isa = PBXFileReference; lastKnownFileType = sourcecode.swift; path = "UILabel + Ex.swift"; sourceTree = "<group>"; };
		2ACAFC6C290C11C300F45B13 /* UIViewController + Ex.swift */ = {isa = PBXFileReference; lastKnownFileType = sourcecode.swift; path = "UIViewController + Ex.swift"; sourceTree = "<group>"; };
		2ACAFC6E290C1CF300F45B13 /* HotelVC.swift */ = {isa = PBXFileReference; lastKnownFileType = sourcecode.swift; path = HotelVC.swift; sourceTree = "<group>"; };
		2ACAFC70290C1F0A00F45B13 /* UIImage + Ex.swift */ = {isa = PBXFileReference; lastKnownFileType = sourcecode.swift; path = "UIImage + Ex.swift"; sourceTree = "<group>"; };
		2ACAFC73290C22A500F45B13 /* HAStarsView.swift */ = {isa = PBXFileReference; lastKnownFileType = sourcecode.swift; path = HAStarsView.swift; sourceTree = "<group>"; };
		2ACAFC75290C269A00F45B13 /* CALayer + Ex.swift */ = {isa = PBXFileReference; lastKnownFileType = sourcecode.swift; path = "CALayer + Ex.swift"; sourceTree = "<group>"; };
		2ACAFC7B290C314300F45B13 /* HADetailsView.swift */ = {isa = PBXFileReference; lastKnownFileType = sourcecode.swift; path = HADetailsView.swift; sourceTree = "<group>"; };
		2ACAFC81290C591C00F45B13 /* HAButton.swift */ = {isa = PBXFileReference; lastKnownFileType = sourcecode.swift; path = HAButton.swift; sourceTree = "<group>"; };
		2ACAFC85290C59CF00F45B13 /* Project.swift */ = {isa = PBXFileReference; lastKnownFileType = sourcecode.swift; path = Project.swift; sourceTree = "<group>"; };
		2ACAFC87290C98A900F45B13 /* UIButton + Ex.swift */ = {isa = PBXFileReference; lastKnownFileType = sourcecode.swift; path = "UIButton + Ex.swift"; sourceTree = "<group>"; };
		2ACAFC89291001CF00F45B13 /* SortType.swift */ = {isa = PBXFileReference; lastKnownFileType = sourcecode.swift; path = SortType.swift; sourceTree = "<group>"; };
		2ACAFC8B29118CB400F45B13 /* MKMapView + Ex.swift */ = {isa = PBXFileReference; lastKnownFileType = sourcecode.swift; path = "MKMapView + Ex.swift"; sourceTree = "<group>"; };
		3C656911A9ABF076EE295167 /* Pods-Hotel App.debug.xcconfig */ = {isa = PBXFileReference; includeInIndex = 1; lastKnownFileType = text.xcconfig; name = "Pods-Hotel App.debug.xcconfig"; path = "Target Support Files/Pods-Hotel App/Pods-Hotel App.debug.xcconfig"; sourceTree = "<group>"; };
		A0659E649A294114A963E71B /* Pods-Hotel App.release.xcconfig */ = {isa = PBXFileReference; includeInIndex = 1; lastKnownFileType = text.xcconfig; name = "Pods-Hotel App.release.xcconfig"; path = "Target Support Files/Pods-Hotel App/Pods-Hotel App.release.xcconfig"; sourceTree = "<group>"; };
/* End PBXFileReference section */

/* Begin PBXFrameworksBuildPhase section */
		2A1511AD290BFFD6004658C8 /* Frameworks */ = {
			isa = PBXFrameworksBuildPhase;
			buildActionMask = 2147483647;
			files = (
				A9C8B509EAB43BC3A3438363 /* Pods_Hotel_App.framework in Frameworks */,
			);
			runOnlyForDeploymentPostprocessing = 0;
		};
/* End PBXFrameworksBuildPhase section */

/* Begin PBXGroup section */
		2A1511A7290BFFD6004658C8 = {
			isa = PBXGroup;
			children = (
				2A1511B2290BFFD6004658C8 /* Hotel App */,
				2A1511B1290BFFD6004658C8 /* Products */,
				54330EE090C4A5F4F11F2A9D /* Pods */,
				7726E8913D656B2E4E2D4A69 /* Frameworks */,
			);
			sourceTree = "<group>";
		};
		2A1511B1290BFFD6004658C8 /* Products */ = {
			isa = PBXGroup;
			children = (
				2A1511B0290BFFD6004658C8 /* Hotel App.app */,
			);
			name = Products;
			sourceTree = "<group>";
		};
		2A1511B2290BFFD6004658C8 /* Hotel App */ = {
			isa = PBXGroup;
			children = (
				2ACAFC5D290C068A00F45B13 /* Constants */,
				2ACAFC5A290C061400F45B13 /* Managers */,
				2ACAFC4F290C027700F45B13 /* Coordinator */,
				2ACAFC4A290C023D00F45B13 /* Model */,
				2ACAFC4B290C024000F45B13 /* View */,
				2ACAFC4C290C024300F45B13 /* ViewModel */,
				2ACAFC69290C117500F45B13 /* Extentions */,
				2AB7FBB2290C004000C3087A /* Support */,
				2A1511C1290BFFD8004658C8 /* Info.plist */,
			);
			path = "Hotel App";
			sourceTree = "<group>";
		};
		2AB7FBB2290C004000C3087A /* Support */ = {
			isa = PBXGroup;
			children = (
				2A1511B3290BFFD6004658C8 /* AppDelegate.swift */,
				2A1511BC290BFFD8004658C8 /* Assets.xcassets */,
				2A1511BE290BFFD8004658C8 /* LaunchScreen.storyboard */,
			);
			path = Support;
			sourceTree = "<group>";
		};
		2ACAFC4A290C023D00F45B13 /* Model */ = {
			isa = PBXGroup;
			children = (
				2ACAFC4D290C025800F45B13 /* Hotel.swift */,
			);
			path = Model;
			sourceTree = "<group>";
		};
		2ACAFC4B290C024000F45B13 /* View */ = {
			isa = PBXGroup;
			children = (
				2ACAFC72290C229400F45B13 /* Custom views */,
				2ACAFC66290C0A1200F45B13 /* Cells */,
				2ACAFC50290C04D000F45B13 /* Controllers */,
			);
			path = View;
			sourceTree = "<group>";
		};
		2ACAFC4C290C024300F45B13 /* ViewModel */ = {
			isa = PBXGroup;
			children = (
				2ACAFC56290C054B00F45B13 /* ViewModel.swift */,
				2ACAFC53290C053900F45B13 /* HotelsListViewModel.swift */,
				2ACAFC58290C05AD00F45B13 /* HotelViewModel.swift */,
			);
			path = ViewModel;
			sourceTree = "<group>";
		};
		2ACAFC4F290C027700F45B13 /* Coordinator */ = {
			isa = PBXGroup;
			children = (
				2ACAFC64290C085400F45B13 /* Coordinator.swift */,
				2ACAFC62290C084B00F45B13 /* AppCoordinator.swift */,
			);
			path = Coordinator;
			sourceTree = "<group>";
		};
		2ACAFC50290C04D000F45B13 /* Controllers */ = {
			isa = PBXGroup;
			children = (
				2ACAFC51290C04E500F45B13 /* HotelsListVC.swift */,
				2ACAFC6E290C1CF300F45B13 /* HotelVC.swift */,
			);
			path = Controllers;
			sourceTree = "<group>";
		};
		2ACAFC5A290C061400F45B13 /* Managers */ = {
			isa = PBXGroup;
			children = (
				2ACAFC5B290C062100F45B13 /* NetworkManager.swift */,
			);
			path = Managers;
			sourceTree = "<group>";
		};
		2ACAFC5D290C068A00F45B13 /* Constants */ = {
			isa = PBXGroup;
			children = (
				2ACAFC5E290C069500F45B13 /* NetworkLink.swift */,
				2ACAFC60290C06A700F45B13 /* NetworkError.swift */,
				2ACAFC85290C59CF00F45B13 /* Project.swift */,
				2ACAFC89291001CF00F45B13 /* SortType.swift */,
			);
			path = Constants;
			sourceTree = "<group>";
		};
		2ACAFC66290C0A1200F45B13 /* Cells */ = {
			isa = PBXGroup;
			children = (
				2ACAFC67290C0A2B00F45B13 /* HAHotelCVCell.swift */,
			);
			path = Cells;
			sourceTree = "<group>";
		};
		2ACAFC69290C117500F45B13 /* Extentions */ = {
			isa = PBXGroup;
			children = (
				2ACAFC6A290C119000F45B13 /* UILabel + Ex.swift */,
				2ACAFC6C290C11C300F45B13 /* UIViewController + Ex.swift */,
				2ACAFC70290C1F0A00F45B13 /* UIImage + Ex.swift */,
				2ACAFC75290C269A00F45B13 /* CALayer + Ex.swift */,
				2ACAFC87290C98A900F45B13 /* UIButton + Ex.swift */,
				2ACAFC8B29118CB400F45B13 /* MKMapView + Ex.swift */,
			);
			path = Extentions;
			sourceTree = "<group>";
		};
		2ACAFC72290C229400F45B13 /* Custom views */ = {
			isa = PBXGroup;
			children = (
				2ACAFC73290C22A500F45B13 /* HAStarsView.swift */,
				2ACAFC7B290C314300F45B13 /* HADetailsView.swift */,
				2ACAFC81290C591C00F45B13 /* HAButton.swift */,
			);
			path = "Custom views";
			sourceTree = "<group>";
		};
		54330EE090C4A5F4F11F2A9D /* Pods */ = {
			isa = PBXGroup;
			children = (
				3C656911A9ABF076EE295167 /* Pods-Hotel App.debug.xcconfig */,
				A0659E649A294114A963E71B /* Pods-Hotel App.release.xcconfig */,
			);
			path = Pods;
			sourceTree = "<group>";
		};
		7726E8913D656B2E4E2D4A69 /* Frameworks */ = {
			isa = PBXGroup;
			children = (
				1E2C6B53D624FCC3C038BC55 /* Pods_Hotel_App.framework */,
			);
			name = Frameworks;
			sourceTree = "<group>";
		};
/* End PBXGroup section */

/* Begin PBXNativeTarget section */
		2A1511AF290BFFD6004658C8 /* Hotel App */ = {
			isa = PBXNativeTarget;
			buildConfigurationList = 2A1511C4290BFFD8004658C8 /* Build configuration list for PBXNativeTarget "Hotel App" */;
			buildPhases = (
				6179DD79F6F0211D67FA45EB /* [CP] Check Pods Manifest.lock */,
				2A1511AC290BFFD6004658C8 /* Sources */,
				2A1511AD290BFFD6004658C8 /* Frameworks */,
				2A1511AE290BFFD6004658C8 /* Resources */,
				5973FA63AF98351FAE61414A /* [CP] Embed Pods Frameworks */,
				2AB7FBB3290C00A900C3087A /* ShellScript */,
			);
			buildRules = (
			);
			dependencies = (
			);
			name = "Hotel App";
			productName = "Hotel App";
			productReference = 2A1511B0290BFFD6004658C8 /* Hotel App.app */;
			productType = "com.apple.product-type.application";
		};
/* End PBXNativeTarget section */

/* Begin PBXProject section */
		2A1511A8290BFFD6004658C8 /* Project object */ = {
			isa = PBXProject;
			attributes = {
				BuildIndependentTargetsInParallel = 1;
				LastSwiftUpdateCheck = 1400;
				LastUpgradeCheck = 1400;
				TargetAttributes = {
					2A1511AF290BFFD6004658C8 = {
						CreatedOnToolsVersion = 14.0.1;
					};
				};
			};
			buildConfigurationList = 2A1511AB290BFFD6004658C8 /* Build configuration list for PBXProject "Hotel App" */;
			compatibilityVersion = "Xcode 14.0";
			developmentRegion = en;
			hasScannedForEncodings = 0;
			knownRegions = (
				en,
				Base,
			);
			mainGroup = 2A1511A7290BFFD6004658C8;
			productRefGroup = 2A1511B1290BFFD6004658C8 /* Products */;
			projectDirPath = "";
			projectRoot = "";
			targets = (
				2A1511AF290BFFD6004658C8 /* Hotel App */,
			);
		};
/* End PBXProject section */

/* Begin PBXResourcesBuildPhase section */
		2A1511AE290BFFD6004658C8 /* Resources */ = {
			isa = PBXResourcesBuildPhase;
			buildActionMask = 2147483647;
			files = (
				2A1511C0290BFFD8004658C8 /* LaunchScreen.storyboard in Resources */,
				2A1511BD290BFFD8004658C8 /* Assets.xcassets in Resources */,
			);
			runOnlyForDeploymentPostprocessing = 0;
		};
/* End PBXResourcesBuildPhase section */

/* Begin PBXShellScriptBuildPhase section */
		2AB7FBB3290C00A900C3087A /* ShellScript */ = {
			isa = PBXShellScriptBuildPhase;
			buildActionMask = 2147483647;
			files = (
			);
			inputFileListPaths = (
			);
			inputPaths = (
			);
			outputFileListPaths = (
			);
			outputPaths = (
			);
			runOnlyForDeploymentPostprocessing = 0;
			shellPath = /bin/sh;
			shellScript = "# Type a script or drag a script file from your workspace to insert its path.\nif which swiftlint >/dev/null; then\n  swiftlint\nelse\n  echo \"warning: SwiftLint not installed, download from https://github.com/realm/SwiftLint\"\nfi\n";
		};
		5973FA63AF98351FAE61414A /* [CP] Embed Pods Frameworks */ = {
			isa = PBXShellScriptBuildPhase;
			buildActionMask = 2147483647;
			files = (
			);
			inputFileListPaths = (
				"${PODS_ROOT}/Target Support Files/Pods-Hotel App/Pods-Hotel App-frameworks-${CONFIGURATION}-input-files.xcfilelist",
			);
			name = "[CP] Embed Pods Frameworks";
			outputFileListPaths = (
				"${PODS_ROOT}/Target Support Files/Pods-Hotel App/Pods-Hotel App-frameworks-${CONFIGURATION}-output-files.xcfilelist",
			);
			runOnlyForDeploymentPostprocessing = 0;
			shellPath = /bin/sh;
			shellScript = "\"${PODS_ROOT}/Target Support Files/Pods-Hotel App/Pods-Hotel App-frameworks.sh\"\n";
			showEnvVarsInLog = 0;
		};
		6179DD79F6F0211D67FA45EB /* [CP] Check Pods Manifest.lock */ = {
			isa = PBXShellScriptBuildPhase;
			buildActionMask = 2147483647;
			files = (
			);
			inputFileListPaths = (
			);
			inputPaths = (
				"${PODS_PODFILE_DIR_PATH}/Podfile.lock",
				"${PODS_ROOT}/Manifest.lock",
			);
			name = "[CP] Check Pods Manifest.lock";
			outputFileListPaths = (
			);
			outputPaths = (
				"$(DERIVED_FILE_DIR)/Pods-Hotel App-checkManifestLockResult.txt",
			);
			runOnlyForDeploymentPostprocessing = 0;
			shellPath = /bin/sh;
			shellScript = "diff \"${PODS_PODFILE_DIR_PATH}/Podfile.lock\" \"${PODS_ROOT}/Manifest.lock\" > /dev/null\nif [ $? != 0 ] ; then\n    # print error to STDERR\n    echo \"error: The sandbox is not in sync with the Podfile.lock. Run 'pod install' or update your CocoaPods installation.\" >&2\n    exit 1\nfi\n# This output is used by Xcode 'outputs' to avoid re-running this script phase.\necho \"SUCCESS\" > \"${SCRIPT_OUTPUT_FILE_0}\"\n";
			showEnvVarsInLog = 0;
		};
/* End PBXShellScriptBuildPhase section */

/* Begin PBXSourcesBuildPhase section */
		2A1511AC290BFFD6004658C8 /* Sources */ = {
			isa = PBXSourcesBuildPhase;
			buildActionMask = 2147483647;
			files = (
				2ACAFC74290C22A500F45B13 /* HAStarsView.swift in Sources */,
				2ACAFC82290C591C00F45B13 /* HAButton.swift in Sources */,
				2ACAFC54290C053900F45B13 /* HotelsListViewModel.swift in Sources */,
				2ACAFC8A291001CF00F45B13 /* SortType.swift in Sources */,
				2ACAFC6B290C119000F45B13 /* UILabel + Ex.swift in Sources */,
				2ACAFC4E290C025800F45B13 /* Hotel.swift in Sources */,
				2ACAFC63290C084B00F45B13 /* AppCoordinator.swift in Sources */,
				2ACAFC86290C59CF00F45B13 /* Project.swift in Sources */,
				2ACAFC52290C04E500F45B13 /* HotelsListVC.swift in Sources */,
				2ACAFC68290C0A2B00F45B13 /* HAHotelCVCell.swift in Sources */,
				2ACAFC71290C1F0A00F45B13 /* UIImage + Ex.swift in Sources */,
				2ACAFC5C290C062100F45B13 /* NetworkManager.swift in Sources */,
				2ACAFC5F290C069500F45B13 /* NetworkLink.swift in Sources */,
				2ACAFC76290C269A00F45B13 /* CALayer + Ex.swift in Sources */,
				2ACAFC6F290C1CF300F45B13 /* HotelVC.swift in Sources */,
				2ACAFC65290C085400F45B13 /* Coordinator.swift in Sources */,
				2ACAFC8C29118CB400F45B13 /* MKMapView + Ex.swift in Sources */,
				2ACAFC6D290C11C300F45B13 /* UIViewController + Ex.swift in Sources */,
				2ACAFC88290C98A900F45B13 /* UIButton + Ex.swift in Sources */,
				2ACAFC57290C054B00F45B13 /* ViewModel.swift in Sources */,
				2ACAFC61290C06A700F45B13 /* NetworkError.swift in Sources */,
				2A1511B4290BFFD6004658C8 /* AppDelegate.swift in Sources */,
				2ACAFC7C290C314300F45B13 /* HADetailsView.swift in Sources */,
				2ACAFC59290C05AD00F45B13 /* HotelViewModel.swift in Sources */,
			);
			runOnlyForDeploymentPostprocessing = 0;
		};
/* End PBXSourcesBuildPhase section */

/* Begin PBXVariantGroup section */
		2A1511BE290BFFD8004658C8 /* LaunchScreen.storyboard */ = {
			isa = PBXVariantGroup;
			children = (
				2A1511BF290BFFD8004658C8 /* Base */,
			);
			name = LaunchScreen.storyboard;
			sourceTree = "<group>";
		};
/* End PBXVariantGroup section */

/* Begin XCBuildConfiguration section */
		2A1511C2290BFFD8004658C8 /* Debug */ = {
			isa = XCBuildConfiguration;
			buildSettings = {
				ALWAYS_SEARCH_USER_PATHS = NO;
				CLANG_ANALYZER_NONNULL = YES;
				CLANG_ANALYZER_NUMBER_OBJECT_CONVERSION = YES_AGGRESSIVE;
				CLANG_CXX_LANGUAGE_STANDARD = "gnu++20";
				CLANG_ENABLE_MODULES = YES;
				CLANG_ENABLE_OBJC_ARC = YES;
				CLANG_ENABLE_OBJC_WEAK = YES;
				CLANG_WARN_BLOCK_CAPTURE_AUTORELEASING = YES;
				CLANG_WARN_BOOL_CONVERSION = YES;
				CLANG_WARN_COMMA = YES;
				CLANG_WARN_CONSTANT_CONVERSION = YES;
				CLANG_WARN_DEPRECATED_OBJC_IMPLEMENTATIONS = YES;
				CLANG_WARN_DIRECT_OBJC_ISA_USAGE = YES_ERROR;
				CLANG_WARN_DOCUMENTATION_COMMENTS = YES;
				CLANG_WARN_EMPTY_BODY = YES;
				CLANG_WARN_ENUM_CONVERSION = YES;
				CLANG_WARN_INFINITE_RECURSION = YES;
				CLANG_WARN_INT_CONVERSION = YES;
				CLANG_WARN_NON_LITERAL_NULL_CONVERSION = YES;
				CLANG_WARN_OBJC_IMPLICIT_RETAIN_SELF = YES;
				CLANG_WARN_OBJC_LITERAL_CONVERSION = YES;
				CLANG_WARN_OBJC_ROOT_CLASS = YES_ERROR;
				CLANG_WARN_QUOTED_INCLUDE_IN_FRAMEWORK_HEADER = YES;
				CLANG_WARN_RANGE_LOOP_ANALYSIS = YES;
				CLANG_WARN_STRICT_PROTOTYPES = YES;
				CLANG_WARN_SUSPICIOUS_MOVE = YES;
				CLANG_WARN_UNGUARDED_AVAILABILITY = YES_AGGRESSIVE;
				CLANG_WARN_UNREACHABLE_CODE = YES;
				CLANG_WARN__DUPLICATE_METHOD_MATCH = YES;
				COPY_PHASE_STRIP = NO;
				DEBUG_INFORMATION_FORMAT = dwarf;
				ENABLE_STRICT_OBJC_MSGSEND = YES;
				ENABLE_TESTABILITY = YES;
				GCC_C_LANGUAGE_STANDARD = gnu11;
				GCC_DYNAMIC_NO_PIC = NO;
				GCC_NO_COMMON_BLOCKS = YES;
				GCC_OPTIMIZATION_LEVEL = 0;
				GCC_PREPROCESSOR_DEFINITIONS = (
					"DEBUG=1",
					"$(inherited)",
				);
				GCC_WARN_64_TO_32_BIT_CONVERSION = YES;
				GCC_WARN_ABOUT_RETURN_TYPE = YES_ERROR;
				GCC_WARN_UNDECLARED_SELECTOR = YES;
				GCC_WARN_UNINITIALIZED_AUTOS = YES_AGGRESSIVE;
				GCC_WARN_UNUSED_FUNCTION = YES;
				GCC_WARN_UNUSED_VARIABLE = YES;
				IPHONEOS_DEPLOYMENT_TARGET = 16.0;
				MTL_ENABLE_DEBUG_INFO = INCLUDE_SOURCE;
				MTL_FAST_MATH = YES;
				ONLY_ACTIVE_ARCH = YES;
				SDKROOT = iphoneos;
				SWIFT_ACTIVE_COMPILATION_CONDITIONS = DEBUG;
				SWIFT_OPTIMIZATION_LEVEL = "-Onone";
			};
			name = Debug;
		};
		2A1511C3290BFFD8004658C8 /* Release */ = {
			isa = XCBuildConfiguration;
			buildSettings = {
				ALWAYS_SEARCH_USER_PATHS = NO;
				CLANG_ANALYZER_NONNULL = YES;
				CLANG_ANALYZER_NUMBER_OBJECT_CONVERSION = YES_AGGRESSIVE;
				CLANG_CXX_LANGUAGE_STANDARD = "gnu++20";
				CLANG_ENABLE_MODULES = YES;
				CLANG_ENABLE_OBJC_ARC = YES;
				CLANG_ENABLE_OBJC_WEAK = YES;
				CLANG_WARN_BLOCK_CAPTURE_AUTORELEASING = YES;
				CLANG_WARN_BOOL_CONVERSION = YES;
				CLANG_WARN_COMMA = YES;
				CLANG_WARN_CONSTANT_CONVERSION = YES;
				CLANG_WARN_DEPRECATED_OBJC_IMPLEMENTATIONS = YES;
				CLANG_WARN_DIRECT_OBJC_ISA_USAGE = YES_ERROR;
				CLANG_WARN_DOCUMENTATION_COMMENTS = YES;
				CLANG_WARN_EMPTY_BODY = YES;
				CLANG_WARN_ENUM_CONVERSION = YES;
				CLANG_WARN_INFINITE_RECURSION = YES;
				CLANG_WARN_INT_CONVERSION = YES;
				CLANG_WARN_NON_LITERAL_NULL_CONVERSION = YES;
				CLANG_WARN_OBJC_IMPLICIT_RETAIN_SELF = YES;
				CLANG_WARN_OBJC_LITERAL_CONVERSION = YES;
				CLANG_WARN_OBJC_ROOT_CLASS = YES_ERROR;
				CLANG_WARN_QUOTED_INCLUDE_IN_FRAMEWORK_HEADER = YES;
				CLANG_WARN_RANGE_LOOP_ANALYSIS = YES;
				CLANG_WARN_STRICT_PROTOTYPES = YES;
				CLANG_WARN_SUSPICIOUS_MOVE = YES;
				CLANG_WARN_UNGUARDED_AVAILABILITY = YES_AGGRESSIVE;
				CLANG_WARN_UNREACHABLE_CODE = YES;
				CLANG_WARN__DUPLICATE_METHOD_MATCH = YES;
				COPY_PHASE_STRIP = NO;
				DEBUG_INFORMATION_FORMAT = "dwarf-with-dsym";
				ENABLE_NS_ASSERTIONS = NO;
				ENABLE_STRICT_OBJC_MSGSEND = YES;
				GCC_C_LANGUAGE_STANDARD = gnu11;
				GCC_NO_COMMON_BLOCKS = YES;
				GCC_WARN_64_TO_32_BIT_CONVERSION = YES;
				GCC_WARN_ABOUT_RETURN_TYPE = YES_ERROR;
				GCC_WARN_UNDECLARED_SELECTOR = YES;
				GCC_WARN_UNINITIALIZED_AUTOS = YES_AGGRESSIVE;
				GCC_WARN_UNUSED_FUNCTION = YES;
				GCC_WARN_UNUSED_VARIABLE = YES;
				IPHONEOS_DEPLOYMENT_TARGET = 16.0;
				MTL_ENABLE_DEBUG_INFO = NO;
				MTL_FAST_MATH = YES;
				SDKROOT = iphoneos;
				SWIFT_COMPILATION_MODE = wholemodule;
				SWIFT_OPTIMIZATION_LEVEL = "-O";
				VALIDATE_PRODUCT = YES;
			};
			name = Release;
		};
		2A1511C5290BFFD8004658C8 /* Debug */ = {
			isa = XCBuildConfiguration;
			baseConfigurationReference = 3C656911A9ABF076EE295167 /* Pods-Hotel App.debug.xcconfig */;
			buildSettings = {
				ASSETCATALOG_COMPILER_APPICON_NAME = AppIcon;
				ASSETCATALOG_COMPILER_GLOBAL_ACCENT_COLOR_NAME = AccentColor;
				CODE_SIGN_STYLE = Automatic;
				CURRENT_PROJECT_VERSION = 1;
				DEVELOPMENT_TEAM = T9GV6HD4BD;
				GENERATE_INFOPLIST_FILE = YES;
				INFOPLIST_FILE = "Hotel App/Info.plist";
				INFOPLIST_KEY_UIApplicationSupportsIndirectInputEvents = YES;
				INFOPLIST_KEY_UILaunchStoryboardName = LaunchScreen;
				INFOPLIST_KEY_UISupportedInterfaceOrientations = UIInterfaceOrientationPortrait;
				INFOPLIST_KEY_UISupportedInterfaceOrientations_iPad = "UIInterfaceOrientationPortrait UIInterfaceOrientationPortraitUpsideDown";
				LD_RUNPATH_SEARCH_PATHS = (
					"$(inherited)",
					"@executable_path/Frameworks",
				);
				MARKETING_VERSION = 1.0;
				PRODUCT_BUNDLE_IDENTIFIER = "com.ivanpuzan0v.Hotel-App";
				PRODUCT_NAME = "$(TARGET_NAME)";
				SWIFT_EMIT_LOC_STRINGS = YES;
				SWIFT_VERSION = 5.0;
				TARGETED_DEVICE_FAMILY = "1,2";
			};
			name = Debug;
		};
		2A1511C6290BFFD8004658C8 /* Release */ = {
			isa = XCBuildConfiguration;
			baseConfigurationReference = A0659E649A294114A963E71B /* Pods-Hotel App.release.xcconfig */;
			buildSettings = {
				ASSETCATALOG_COMPILER_APPICON_NAME = AppIcon;
				ASSETCATALOG_COMPILER_GLOBAL_ACCENT_COLOR_NAME = AccentColor;
				CODE_SIGN_STYLE = Automatic;
				CURRENT_PROJECT_VERSION = 1;
				DEVELOPMENT_TEAM = T9GV6HD4BD;
				GENERATE_INFOPLIST_FILE = YES;
				INFOPLIST_FILE = "Hotel App/Info.plist";
				INFOPLIST_KEY_UIApplicationSupportsIndirectInputEvents = YES;
				INFOPLIST_KEY_UILaunchStoryboardName = LaunchScreen;
				INFOPLIST_KEY_UISupportedInterfaceOrientations = UIInterfaceOrientationPortrait;
				INFOPLIST_KEY_UISupportedInterfaceOrientations_iPad = "UIInterfaceOrientationPortrait UIInterfaceOrientationPortraitUpsideDown";
				LD_RUNPATH_SEARCH_PATHS = (
					"$(inherited)",
					"@executable_path/Frameworks",
				);
				MARKETING_VERSION = 1.0;
				PRODUCT_BUNDLE_IDENTIFIER = "com.ivanpuzan0v.Hotel-App";
				PRODUCT_NAME = "$(TARGET_NAME)";
				SWIFT_EMIT_LOC_STRINGS = YES;
				SWIFT_VERSION = 5.0;
				TARGETED_DEVICE_FAMILY = "1,2";
			};
			name = Release;
		};
/* End XCBuildConfiguration section */

/* Begin XCConfigurationList section */
		2A1511AB290BFFD6004658C8 /* Build configuration list for PBXProject "Hotel App" */ = {
			isa = XCConfigurationList;
			buildConfigurations = (
				2A1511C2290BFFD8004658C8 /* Debug */,
				2A1511C3290BFFD8004658C8 /* Release */,
			);
			defaultConfigurationIsVisible = 0;
			defaultConfigurationName = Release;
		};
		2A1511C4290BFFD8004658C8 /* Build configuration list for PBXNativeTarget "Hotel App" */ = {
			isa = XCConfigurationList;
			buildConfigurations = (
				2A1511C5290BFFD8004658C8 /* Debug */,
				2A1511C6290BFFD8004658C8 /* Release */,
			);
			defaultConfigurationIsVisible = 0;
			defaultConfigurationName = Release;
		};
/* End XCConfigurationList section */
	};
	rootObject = 2A1511A8290BFFD6004658C8 /* Project object */;
}
